
Microsoft Visual Studio Solution File, Format Version 12.00
# Visual Studio 15
VisualStudioVersion = 15.0.28307.438
MinimumVisualStudioVersion = 10.0.40219.1
Project("{FAE04EC0-301F-11D3-BF4B-00C04F79EFBC}") = "WebAppCDN2", "WebAppCDN2\WebAppCDN2.csproj", "{7C494BD3-BB87-4D90-A001-EE4E18FAB451}"
EndProject
Global
	GlobalSection(SolutionConfigurationPlatforms) = preSolution
		Debug|Any CPU = Debug|Any CPU
		Release|Any CPU = Release|Any CPU
	EndGlobalSection
	GlobalSection(ProjectConfigurationPlatforms) = postSolution
		{7C494BD3-BB87-4D90-A001-EE4E18FAB451}.Debug|Any CPU.ActiveCfg = Debug|Any CPU
		{7C494BD3-BB87-4D90-A001-EE4E18FAB451}.Debug|Any CPU.Build.0 = Debug|Any CPU
		{7C494BD3-BB87-4D90-A001-EE4E18FAB451}.Release|Any CPU.ActiveCfg = Release|Any CPU
		{7C494BD3-BB87-4D90-A001-EE4E18FAB451}.Release|Any CPU.Build.0 = Release|Any CPU
	EndGlobalSection
	GlobalSection(SolutionProperties) = preSolution
		HideSolutionNode = FALSE
	EndGlobalSection
	GlobalSection(ExtensibilityGlobals) = postSolution
		SolutionGuid = {3A5B52EB-F388-4BCD-9BDF-A3E2E9C04D97}
	EndGlobalSection
EndGlobal
